{
  "name": "course",
  "lockfileVersion": 3,
  "requires": true,
  "packages": {
    "": {
      "dependencies": {
        "gridstack": "^11.5.0"
      }
    },
    "node_modules/gridstack": {
      "version": "11.5.0",
      "resolved": "https://registry.npmjs.org/gridstack/-/gridstack-11.5.0.tgz",
      "integrity": "sha512-SE1a/aC2K8VKQr5cqV7gSJ+r/xIYghijIjHzkZ3Xo3aS1/4dvwIgPYT7QqgV1z+d7XjKYUPEizcgVQ5HhdFTng==",
      "funding": [
        {
          "type": "paypal",
          "url": "https://www.paypal.me/alaind831"
        },
        {
          "type": "venmo",
          "url": "https://www.venmo.com/adumesny"
        }
      ],
      "license": "MIT"
    }
  }
}
